{
    "_readme": [
        "This file locks the dependencies of your project to a known state",
        "Read more about it at https://getcomposer.org/doc/01-basic-usage.md#installing-dependencies",
        "This file is @generated automatically"
    ],
    "content-hash": "07708a780242e8cc3bd59ae3668ae2dc",
    "packages": [
        {
            "name": "sifrious/reference-contract",
            "version": "v1.0.0",
            "source": {
                "type": "git",
                "url": "https://github.com/sifrious/dep-reference-contract.git",
                "reference": "13075ffaec9e263392083d4b7e84f7cde8f38622"
            },
            "dist": {
                "type": "zip",
                "url": "https://api.github.com/repos/sifrious/dep-reference-contract/zipball/13075ffaec9e263392083d4b7e84f7cde8f38622",
                "reference": "13075ffaec9e263392083d4b7e84f7cde8f38622",
                "shasum": ""
            },
            "require": {
                "php": "^8.3"
            },
            "type": "library",
            "autoload": {
                "psr-4": {
                    "Sifrious\\ReferenceContract\\": "src/"
                }
            },
            "scripts": {
                "test": [
                    "php tests/run.php"
                ]
            },
            "license": [
                "proprietary"
            ],
            "description": "Framework-neutral cross-package reference values and resolution contracts.",
            "support": {
                "source": "https://github.com/sifrious/dep-reference-contract/tree/v1.0.0",
                "issues": "https://github.com/sifrious/dep-reference-contract/issues"
            },
            "time": "2026-08-30T02:13:10+00:00"
        }
    ],
    "packages-dev": [],
    "aliases": [],
    "minimum-stability": "stable",
    "stability-flags": {},
    "prefer-stable": true,
    "prefer-lowest": false,
    "platform": {
        "php": "^8.3"
    },
    "platform-dev": {},
    "plugin-api-version": "2.9.0"
}
