{
    "_readme": [
        "This file locks the dependencies of your project to a known state",
        "Read more about it at https://getcomposer.org/doc/01-basic-usage.md#installing-dependencies",
        "This file is @generated automatically"
    ],
    "content-hash": "0fee6040856e2b582a6117e6ea451473",
    "packages": [
        {
            "name": "sifrious/reference-contract",
            "version": "dev-main",
            "source": {
                "type": "git",
                "url": "git@github.com:sifrious/dep-reference-contract.git",
                "reference": "13d9d69427032cbf09c769bbb3b68744c380824f"
            },
            "require": {
                "php": "^8.3"
            },
            "default-branch": true,
            "type": "library",
            "autoload": {
                "psr-4": {
                    "Sifrious\\ReferenceContract\\": "src/"
                }
            },
            "scripts": {
                "test": [
                    "php tests/run.php"
                ]
            },
            "license": [
                "MIT"
            ],
            "description": "Framework-neutral cross-package reference values and resolution contracts.",
            "time": "2026-08-29T18:53:46+00:00"
        }
    ],
    "packages-dev": [],
    "aliases": [],
    "minimum-stability": "stable",
    "stability-flags": {
        "sifrious/reference-contract": 20
    },
    "prefer-stable": true,
    "prefer-lowest": false,
    "platform": {
        "php": "^8.3"
    },
    "platform-dev": {},
    "plugin-api-version": "2.9.0"
}
